
Microsoft Visual Studio Solution File, Format Version 12.00
# Visual Studio Version 16
VisualStudioVersion = 16.0.29409.12
MinimumVisualStudioVersion = 10.0.40219.1
Project("{FAE04EC0-301F-11D3-BF4B-00C04F79EFBC}") = "NumberGuesserGame", "NumberGuesserGame\NumberGuesserGame.csproj", "{C194CB07-3727-43F0-85E6-EA3205F26296}"
EndProject
Global
	GlobalSection(SolutionConfigurationPlatforms) = preSolution
		Debug|Any CPU = Debug|Any CPU
		Release|Any CPU = Release|Any CPU
	EndGlobalSection
	GlobalSection(ProjectConfigurationPlatforms) = postSolution
		{C194CB07-3727-43F0-85E6-EA3205F26296}.Debug|Any CPU.ActiveCfg = Debug|Any CPU
		{C194CB07-3727-43F0-85E6-EA3205F26296}.Debug|Any CPU.Build.0 = Debug|Any CPU
		{C194CB07-3727-43F0-85E6-EA3205F26296}.Release|Any CPU.ActiveCfg = Release|Any CPU
		{C194CB07-3727-43F0-85E6-EA3205F26296}.Release|Any CPU.Build.0 = Release|Any CPU
	EndGlobalSection
	GlobalSection(SolutionProperties) = preSolution
		HideSolutionNode = FALSE
	EndGlobalSection
	GlobalSection(ExtensibilityGlobals) = postSolution
		SolutionGuid = {84935980-14D8-463D-894D-FC876C8F016F}
	EndGlobalSection
EndGlobal
